
Microsoft Visual Studio Solution File, Format Version 12.00
# Visual Studio Version 17
VisualStudioVersion = 17.8.34511.84
MinimumVisualStudioVersion = 10.0.40219.1
Project("{FAE04EC0-301F-11D3-BF4B-00C04F79EFBC}") = "MauiApp3", "MauiApp3\MauiApp3.csproj", "{CA6C5317-2826-48E9-A12E-CBC4676FFDBE}"
EndProject
Global
	GlobalSection(SolutionConfigurationPlatforms) = preSolution
		Debug|Any CPU = Debug|Any CPU
		Release|Any CPU = Release|Any CPU
	EndGlobalSection
	GlobalSection(ProjectConfigurationPlatforms) = postSolution
		{CA6C5317-2826-48E9-A12E-CBC4676FFDBE}.Debug|Any CPU.ActiveCfg = Debug|Any CPU
		{CA6C5317-2826-48E9-A12E-CBC4676FFDBE}.Debug|Any CPU.Build.0 = Debug|Any CPU
		{CA6C5317-2826-48E9-A12E-CBC4676FFDBE}.Debug|Any CPU.Deploy.0 = Debug|Any CPU
		{CA6C5317-2826-48E9-A12E-CBC4676FFDBE}.Release|Any CPU.ActiveCfg = Release|Any CPU
		{CA6C5317-2826-48E9-A12E-CBC4676FFDBE}.Release|Any CPU.Build.0 = Release|Any CPU
		{CA6C5317-2826-48E9-A12E-CBC4676FFDBE}.Release|Any CPU.Deploy.0 = Release|Any CPU
	EndGlobalSection
	GlobalSection(SolutionProperties) = preSolution
		HideSolutionNode = FALSE
	EndGlobalSection
	GlobalSection(ExtensibilityGlobals) = postSolution
		SolutionGuid = {E3A9125D-13C0-4C9C-A514-989D973BBE72}
	EndGlobalSection
EndGlobal
